
Microsoft Visual Studio Solution File, Format Version 12.00
# Visual Studio Version 17
VisualStudioVersion = 17.7.34221.43
MinimumVisualStudioVersion = 10.0.40219.1
Project("{9A19103F-16F7-4668-BE54-9A1E7A4F7556}") = "WebApplicationMVCAPI1", "WebApplicationMVCAPI1\WebApplicationMVCAPI1.csproj", "{5EA586FE-1626-4611-BADF-D6AC65BB26C2}"
EndProject
Project("{FAE04EC0-301F-11D3-BF4B-00C04F79EFBC}") = "WinFormsApp1", "WinFormsApp1\WinFormsApp1.csproj", "{DFD453C6-B7EB-46D6-9469-8995A15C75B7}"
EndProject
Global
	GlobalSection(SolutionConfigurationPlatforms) = preSolution
		Debug|Any CPU = Debug|Any CPU
		Release|Any CPU = Release|Any CPU
	EndGlobalSection
	GlobalSection(ProjectConfigurationPlatforms) = postSolution
		{5EA586FE-1626-4611-BADF-D6AC65BB26C2}.Debug|Any CPU.ActiveCfg = Debug|Any CPU
		{5EA586FE-1626-4611-BADF-D6AC65BB26C2}.Debug|Any CPU.Build.0 = Debug|Any CPU
		{5EA586FE-1626-4611-BADF-D6AC65BB26C2}.Release|Any CPU.ActiveCfg = Release|Any CPU
		{5EA586FE-1626-4611-BADF-D6AC65BB26C2}.Release|Any CPU.Build.0 = Release|Any CPU
		{DFD453C6-B7EB-46D6-9469-8995A15C75B7}.Debug|Any CPU.ActiveCfg = Debug|Any CPU
		{DFD453C6-B7EB-46D6-9469-8995A15C75B7}.Debug|Any CPU.Build.0 = Debug|Any CPU
		{DFD453C6-B7EB-46D6-9469-8995A15C75B7}.Release|Any CPU.ActiveCfg = Release|Any CPU
		{DFD453C6-B7EB-46D6-9469-8995A15C75B7}.Release|Any CPU.Build.0 = Release|Any CPU
	EndGlobalSection
	GlobalSection(SolutionProperties) = preSolution
		HideSolutionNode = FALSE
	EndGlobalSection
	GlobalSection(ExtensibilityGlobals) = postSolution
		SolutionGuid = {C8961D8A-DF91-4BB4-A4F1-1D3AB2A13992}
	EndGlobalSection
EndGlobal
